# Code generated by scarb DO NOT EDIT.
version = 1

[[package]]
name = "dojo"
version = "1.4.0"
source = "git+https://github.com/dojoengine/dojo?tag=v1.4.0#22ef7101e84429f4f06fa634f927dd6ad2c48752"
dependencies = [
 "dojo_plugin",
]

[[package]]
name = "dojo_cairo_test"
version = "1.0.12"
source = "git+https://github.com/dojoengine/dojo?tag=v1.4.0#22ef7101e84429f4f06fa634f927dd6ad2c48752"
dependencies = [
 "dojo",
]

[[package]]
name = "dojo_plugin"
version = "2.9.4"
source = "git+https://github.com/dojoengine/dojo?tag=v1.4.0#22ef7101e84429f4f06fa634f927dd6ad2c48752"

[[package]]
name = "ekubo"
version = "0.1.0"
source = "git+https://github.com/EkuboProtocol/abis?rev=edb6de8c9baf515f1053bbab3d86825d54a63bc3#edb6de8c9baf515f1053bbab3d86825d54a63bc3"

[[package]]
name = "openzeppelin_account"
version = "0.18.0"
source = "git+https://github.com/OpenZeppelin/cairo-contracts?tag=v0.18.0#2f37306b490e63c0afa9e33ad192ba428141b487"
dependencies = [
 "openzeppelin_introspection",
 "openzeppelin_utils",
]

[[package]]
name = "openzeppelin_introspection"
version = "0.18.0"
source = "git+https://github.com/OpenZeppelin/cairo-contracts?tag=v0.18.0#2f37306b490e63c0afa9e33ad192ba428141b487"

[[package]]
name = "openzeppelin_token"
version = "0.18.0"
source = "git+https://github.com/OpenZeppelin/cairo-contracts?tag=v0.18.0#2f37306b490e63c0afa9e33ad192ba428141b487"
dependencies = [
 "openzeppelin_account",
 "openzeppelin_introspection",
 "openzeppelin_utils",
]

[[package]]
name = "openzeppelin_utils"
version = "0.18.0"
source = "git+https://github.com/OpenZeppelin/cairo-contracts?tag=v0.18.0#2f37306b490e63c0afa9e33ad192ba428141b487"

[[package]]
name = "ponzi_land"
version = "1.4.0"
dependencies = [
 "dojo",
 "dojo_cairo_test",
 "ekubo",
 "openzeppelin_token",
]
